
Microsoft Visual Studio Solution File, Format Version 12.00
# Visual Studio Version 16
VisualStudioVersion = 16.0.30717.126
MinimumVisualStudioVersion = 10.0.40219.1
Project("{FAE04EC0-301F-11D3-BF4B-00C04F79EFBC}") = "XMLFixer", "XMLFixer\XMLFixer.csproj", "{037D562F-5F1E-4FB8-A73A-3377E5C5433F}"
EndProject
Global
	GlobalSection(SolutionConfigurationPlatforms) = preSolution
		Debug|Any CPU = Debug|Any CPU
		Release|Any CPU = Release|Any CPU
	EndGlobalSection
	GlobalSection(ProjectConfigurationPlatforms) = postSolution
		{037D562F-5F1E-4FB8-A73A-3377E5C5433F}.Debug|Any CPU.ActiveCfg = Debug|Any CPU
		{037D562F-5F1E-4FB8-A73A-3377E5C5433F}.Debug|Any CPU.Build.0 = Debug|Any CPU
		{037D562F-5F1E-4FB8-A73A-3377E5C5433F}.Release|Any CPU.ActiveCfg = Release|Any CPU
		{037D562F-5F1E-4FB8-A73A-3377E5C5433F}.Release|Any CPU.Build.0 = Release|Any CPU
	EndGlobalSection
	GlobalSection(SolutionProperties) = preSolution
		HideSolutionNode = FALSE
	EndGlobalSection
	GlobalSection(ExtensibilityGlobals) = postSolution
		SolutionGuid = {90802B8D-84AA-467E-9C4A-A3B66A3686F2}
	EndGlobalSection
EndGlobal
